# THIS IS AN AUTOGENERATED FILE. DO NOT EDIT THIS FILE DIRECTLY.
# yarn lockfile v1


bowser@^1.7.3:
  version "1.9.4"
  resolved "https://registry.nlark.com/bowser/download/bowser-1.9.4.tgz#890c58a2813a9d3243704334fa81b96a5c150c9a"
  integrity sha1-iQxYooE6nTJDcEM0+oG5alwVDJo=

css-in-js-utils@^2.0.0:
  version "2.0.1"
  resolved "https://registry.nlark.com/css-in-js-utils/download/css-in-js-utils-2.0.1.tgz#3b472b398787291b47cfe3e44fecfdd9e914ba99"
  integrity sha1-O0crOYeHKRtHz+PkT+z92ekUupk=
  dependencies:
    hyphenate-style-name "^1.0.2"
    isobject "^3.0.1"

hyphenate-style-name@^1.0.2:
  version "1.0.4"
  resolved "https://registry.npm.taobao.org/hyphenate-style-name/download/hyphenate-style-name-1.0.4.tgz#691879af8e220aea5750e8827db4ef62a54e361d"
  integrity sha1-aRh5r44iCupXUOiCfbTvYqVONh0=

inline-style-prefixer@^4.0.0:
  version "4.0.2"
  resolved "https://registry.npmmirror.com/inline-style-prefixer/download/inline-style-prefixer-4.0.2.tgz?cache=0&sync_timestamp=1632843713286&other_urls=https%3A%2F%2Fregistry.npmmirror.com%2Finline-style-prefixer%2Fdownload%2Finline-style-prefixer-4.0.2.tgz#d390957d26f281255fe101da863158ac6eb60911"
  integrity sha1-05CVfSbygSVf4QHahjFYrG62CRE=
  dependencies:
    bowser "^1.7.3"
    css-in-js-utils "^2.0.0"

isobject@^3.0.1:
  version "3.0.1"
  resolved "https://registry.nlark.com/isobject/download/isobject-3.0.1.tgz#4e431e92b11a9731636aa1f9c8d1ccbcfdab78df"
  integrity sha1-TkMekrEalzFjaqH5yNHMvP2reN8=

styletron-client@^3.0.4:
  version "3.0.4"
  resolved "https://registry.npmmirror.com/styletron-client/download/styletron-client-3.0.4.tgz#50c3fcdc7f45ed0693d68dc174bd0f2fa607cc57"
  integrity sha1-UMP83H9F7QaT1o3BdL0PL6YHzFc=
  dependencies:
    styletron-core "^3.0.4"

styletron-core@^3.0.4:
  version "3.0.4"
  resolved "https://registry.npmmirror.com/styletron-core/download/styletron-core-3.0.4.tgz#648081572a8de30acbe3008cd283c421565444bb"
  integrity sha1-ZICBVyqN4wrL4wCM0oPEIVZURLs=

styletron-server@^3.0.4:
  version "3.0.4"
  resolved "https://registry.npmmirror.com/styletron-server/download/styletron-server-3.0.4.tgz#6bf24643b2ce84198d0fcb7c27308f00880c8dfd"
  integrity sha1-a/JGQ7LOhBmND8t8JzCPAIgMjf0=
  dependencies:
    styletron-core "^3.0.4"

styletron-utils@^3.0.4:
  version "3.0.4"
  resolved "https://registry.npmmirror.com/styletron-utils/download/styletron-utils-3.0.4.tgz#6696320f6ade52383006c4d47e72c5c6a1f37b15"
  integrity sha1-ZpYyD2reUjgwBsTUfnLFxqHzexU=
  dependencies:
    inline-style-prefixer "^4.0.0"

styletron@^3.0.4:
  version "3.0.4"
  resolved "https://registry.npmmirror.com/styletron/download/styletron-3.0.4.tgz#b93aa02aa58b84e3fd578403253079ebb8d16fbe"
  integrity sha1-uTqgKqWLhOP9V4QDJTB567jRb74=
  dependencies:
    styletron-client "^3.0.4"
    styletron-server "^3.0.4"
